
Microsoft Visual Studio Solution File, Format Version 12.00
# Visual Studio 14
VisualStudioVersion = 14.0.25420.1
MinimumVisualStudioVersion = 10.0.40219.1
Project("{FAE04EC0-301F-11D3-BF4B-00C04F79EFBC}") = "IdeoZadanie3", "IdeoZadanie3\IdeoZadanie3.csproj", "{D13D3C7A-D8A1-46A9-AE73-D9ECBF8A20D1}"
EndProject
Global
	GlobalSection(SolutionConfigurationPlatforms) = preSolution
		Debug|Any CPU = Debug|Any CPU
		Release|Any CPU = Release|Any CPU
	EndGlobalSection
	GlobalSection(ProjectConfigurationPlatforms) = postSolution
		{D13D3C7A-D8A1-46A9-AE73-D9ECBF8A20D1}.Debug|Any CPU.ActiveCfg = Debug|Any CPU
		{D13D3C7A-D8A1-46A9-AE73-D9ECBF8A20D1}.Debug|Any CPU.Build.0 = Debug|Any CPU
		{D13D3C7A-D8A1-46A9-AE73-D9ECBF8A20D1}.Release|Any CPU.ActiveCfg = Release|Any CPU
		{D13D3C7A-D8A1-46A9-AE73-D9ECBF8A20D1}.Release|Any CPU.Build.0 = Release|Any CPU
	EndGlobalSection
	GlobalSection(SolutionProperties) = preSolution
		HideSolutionNode = FALSE
	EndGlobalSection
EndGlobal
